
Microsoft Visual Studio Solution File, Format Version 12.00
# Visual Studio 15
VisualStudioVersion = 15.0.27703.2000
MinimumVisualStudioVersion = 10.0.40219.1
Project("{FAE04EC0-301F-11D3-BF4B-00C04F79EFBC}") = "Shoppee", "Shoppee\Shoppee.csproj", "{C40B7977-6878-4CDB-80D2-55BDADBB6AA5}"
EndProject
Project("{E53339B2-1760-4266-BCC7-CA923CBCF16C}") = "docker-compose", "docker-compose.dcproj", "{135D4E80-D932-488E-9CD2-160FBA652082}"
EndProject
Global
	GlobalSection(SolutionConfigurationPlatforms) = preSolution
		Debug|Any CPU = Debug|Any CPU
		Release|Any CPU = Release|Any CPU
	EndGlobalSection
	GlobalSection(ProjectConfigurationPlatforms) = postSolution
		{C40B7977-6878-4CDB-80D2-55BDADBB6AA5}.Debug|Any CPU.ActiveCfg = Debug|Any CPU
		{C40B7977-6878-4CDB-80D2-55BDADBB6AA5}.Debug|Any CPU.Build.0 = Debug|Any CPU
		{C40B7977-6878-4CDB-80D2-55BDADBB6AA5}.Release|Any CPU.ActiveCfg = Release|Any CPU
		{C40B7977-6878-4CDB-80D2-55BDADBB6AA5}.Release|Any CPU.Build.0 = Release|Any CPU
		{135D4E80-D932-488E-9CD2-160FBA652082}.Debug|Any CPU.ActiveCfg = Debug|Any CPU
		{135D4E80-D932-488E-9CD2-160FBA652082}.Debug|Any CPU.Build.0 = Debug|Any CPU
		{135D4E80-D932-488E-9CD2-160FBA652082}.Release|Any CPU.ActiveCfg = Release|Any CPU
		{135D4E80-D932-488E-9CD2-160FBA652082}.Release|Any CPU.Build.0 = Release|Any CPU
	EndGlobalSection
	GlobalSection(SolutionProperties) = preSolution
		HideSolutionNode = FALSE
	EndGlobalSection
	GlobalSection(ExtensibilityGlobals) = postSolution
		SolutionGuid = {F62B0B3D-D988-4930-90A0-1F933959FE43}
	EndGlobalSection
EndGlobal
